{
  "name": "markdown-to-pug-cli",
  "version": "1.2.1",
  "lockfileVersion": 1,
  "requires": true,
  "dependencies": {
    "argparse": {
      "version": "1.0.10",
      "resolved": "https://registry.npmjs.org/argparse/-/argparse-1.0.10.tgz",
      "integrity": "sha512-o5Roy6tNG4SL/FOkCAN6RzjiakZS25RLYFrcMttJqbdd8BWrnA+fGz57iN5Pb06pvBGvl5gQ0B48dJlslXvoTg==",
      "requires": {
        "sprintf-js": "1.0.3"
      }
    },
    "binaryextensions": {
      "version": "3.0.0",
      "resolved": "https://registry.npmjs.org/binaryextensions/-/binaryextensions-3.0.0.tgz",
      "integrity": "sha512-odSSPzLsfSQjAi/xkPIvEELV2vWjV0E6BNwCFwfgk0kFYswIz6XTfjrfyo2aqETvIq5YfeFYzY7rZO1r7lrtVw=="
    },
    "entities": {
      "version": "1.1.2",
      "resolved": "https://registry.npmjs.org/entities/-/entities-1.1.2.tgz",
      "integrity": "sha512-f2LZMYl1Fzu7YSBKg+RoROelpOaNrcGmE9AZubeDfrCEia483oW4MI4VyFd5VNHIgQ/7qm1I0wUHK1eJnn2y2w=="
    },
    "fs": {
      "version": "0.0.1-security",
      "resolved": "https://registry.npmjs.org/fs/-/fs-0.0.1-security.tgz",
      "integrity": "sha1-invTcYa23d84E/I4WLV+yq9eQdQ="
    },
    "he": {
      "version": "1.2.0",
      "resolved": "https://registry.npmjs.org/he/-/he-1.2.0.tgz",
      "integrity": "sha512-F/1DnUGPopORZi0ni+CvrCgHQ5FyEAHRLSApuYWMmrbSwoN2Mn/7k+Gl38gJnR7yyDZk6WLXwiGod1JOWNDKGw=="
    },
    "highlight.js": {
      "version": "9.18.1",
      "resolved": "https://registry.npmjs.org/highlight.js/-/highlight.js-9.18.1.tgz",
      "integrity": "sha512-OrVKYz70LHsnCgmbXctv/bfuvntIKDz177h0Co37DQ5jamGZLVmoCVMtjMtNZY3X9DrCcKfklHPNeA0uPZhSJg=="
    },
    "inherits": {
      "version": "2.0.3",
      "resolved": "https://registry.npmjs.org/inherits/-/inherits-2.0.3.tgz",
      "integrity": "sha1-Yzwsg+PaQqUC9SRmAiSA9CCCYd4="
    },
    "istextorbinary": {
      "version": "4.3.0",
      "resolved": "https://registry.npmjs.org/istextorbinary/-/istextorbinary-4.3.0.tgz",
      "integrity": "sha512-ebLkvPFktjN+ShBseoZYGqJZvGMEcO3hNODxgyarhSjoU++9B8TFqMBiJ53x+XvX/hfhqx8OaH5mVlCiODGP5A==",
      "requires": {
        "binaryextensions": "3.0.0",
        "textextensions": "4.4.0"
      }
    },
    "linkify-it": {
      "version": "2.2.0",
      "resolved": "https://registry.npmjs.org/linkify-it/-/linkify-it-2.2.0.tgz",
      "integrity": "sha512-GnAl/knGn+i1U/wjBz3akz2stz+HrHLsxMwHQGofCDfPvlf+gDKN58UtfmUquTY4/MXeE2x7k19KQmeoZi94Iw==",
      "requires": {
        "uc.micro": "1.0.6"
      }
    },
    "lodash.flow": {
      "version": "3.5.0",
      "resolved": "https://registry.npmjs.org/lodash.flow/-/lodash.flow-3.5.0.tgz",
      "integrity": "sha1-h79AKSuM+D5OjOGjrkIJ4gBxZ1o="
    },
    "markdown-it": {
      "version": "8.4.2",
      "resolved": "https://registry.npmjs.org/markdown-it/-/markdown-it-8.4.2.tgz",
      "integrity": "sha512-GcRz3AWTqSUphY3vsUqQSFMbgR38a4Lh3GWlHRh/7MRwz8mcu9n2IO7HOh+bXHrR9kOPDl5RNCaEsrneb+xhHQ==",
      "requires": {
        "argparse": "1.0.10",
        "entities": "1.1.2",
        "linkify-it": "2.2.0",
        "mdurl": "1.0.1",
        "uc.micro": "1.0.6"
      }
    },
    "markdown-it-highlightjs": {
      "version": "3.1.0",
      "resolved": "https://registry.npmjs.org/markdown-it-highlightjs/-/markdown-it-highlightjs-3.1.0.tgz",
      "integrity": "sha512-SYy8fXlZ7Bk+Q+bc9JmHHcMCUFsKR3nr1JjkpPnq0gsmLOyIaxJfRoIAVqWF/AIuN7CZlJWQuSFwQoBb6dZmnQ==",
      "requires": {
        "highlight.js": "9.18.1",
        "lodash.flow": "3.5.0"
      }
    },
    "markdown-to-pug": {
      "version": "1.0.11",
      "resolved": "https://registry.npmjs.org/markdown-to-pug/-/markdown-to-pug-1.0.11.tgz",
      "integrity": "sha512-6RDIJ24q0lxHjPL8sbPRzIwIVaKmHBN1E788z/RaDgQx/JCSXq7hLjgiSUTLZCBZVLfSsazqB50Q6Onr1sJA+Q==",
      "requires": {
        "he": "1.2.0",
        "markdown-it": "8.4.2"
      }
    },
    "mdurl": {
      "version": "1.0.1",
      "resolved": "https://registry.npmjs.org/mdurl/-/mdurl-1.0.1.tgz",
      "integrity": "sha1-/oWy7HWlkDfyrf7BAP1sYBdhFS4="
    },
    "path": {
      "version": "0.12.7",
      "resolved": "https://registry.npmjs.org/path/-/path-0.12.7.tgz",
      "integrity": "sha1-1NwqUGxM4hl+tIHr/NWzbAFAsQ8=",
      "requires": {
        "process": "0.11.10",
        "util": "0.10.4"
      }
    },
    "process": {
      "version": "0.11.10",
      "resolved": "https://registry.npmjs.org/process/-/process-0.11.10.tgz",
      "integrity": "sha1-czIwDoQBYb2j5podHZGn1LwW8YI="
    },
    "sprintf-js": {
      "version": "1.0.3",
      "resolved": "https://registry.npmjs.org/sprintf-js/-/sprintf-js-1.0.3.tgz",
      "integrity": "sha1-BOaSb2YolTVPPdAVIDYzuFcpfiw="
    },
    "textextensions": {
      "version": "4.4.0",
      "resolved": "https://registry.npmjs.org/textextensions/-/textextensions-4.4.0.tgz",
      "integrity": "sha512-X42jKgiI6pVKUCUE30G952v9jgVqwy1ITTc0RARo2O5eEO3ob2gaB1xib7iXt5sOcsIJxU5UNpyaDWGFgtHaiA=="
    },
    "uc.micro": {
      "version": "1.0.6",
      "resolved": "https://registry.npmjs.org/uc.micro/-/uc.micro-1.0.6.tgz",
      "integrity": "sha512-8Y75pvTYkLJW2hWQHXxoqRgV7qb9B+9vFEtidML+7koHUFapnVJAZ6cKs+Qjz5Aw3aZWHMC6u0wJE3At+nSGwA=="
    },
    "util": {
      "version": "0.10.4",
      "resolved": "https://registry.npmjs.org/util/-/util-0.10.4.tgz",
      "integrity": "sha512-0Pm9hTQ3se5ll1XihRic3FDIku70C+iHUdT/W926rSgHV5QgXsYbKZN8MSC3tJtSkhuROzvsQjAaFENRXr+19A==",
      "requires": {
        "inherits": "2.0.3"
      }
    }
  }
}
